
Microsoft Visual Studio Solution File, Format Version 12.00
# Visual Studio 2012
Project("{FAE04EC0-301F-11D3-BF4B-00C04F79EFBC}") = "LongestPalindrome", "LongestPalindrome\LongestPalindrome.csproj", "{91823D1A-E074-4BF6-B918-CD4011AF467B}"
EndProject
Global
	GlobalSection(SolutionConfigurationPlatforms) = preSolution
		Debug|Any CPU = Debug|Any CPU
		Release|Any CPU = Release|Any CPU
	EndGlobalSection
	GlobalSection(ProjectConfigurationPlatforms) = postSolution
		{91823D1A-E074-4BF6-B918-CD4011AF467B}.Debug|Any CPU.ActiveCfg = Debug|Any CPU
		{91823D1A-E074-4BF6-B918-CD4011AF467B}.Debug|Any CPU.Build.0 = Debug|Any CPU
		{91823D1A-E074-4BF6-B918-CD4011AF467B}.Release|Any CPU.ActiveCfg = Release|Any CPU
		{91823D1A-E074-4BF6-B918-CD4011AF467B}.Release|Any CPU.Build.0 = Release|Any CPU
	EndGlobalSection
	GlobalSection(SolutionProperties) = preSolution
		HideSolutionNode = FALSE
	EndGlobalSection
EndGlobal
